
Microsoft Visual Studio Solution File, Format Version 12.00
# Visual Studio Version 17
VisualStudioVersion = 17.8.34004.107
MinimumVisualStudioVersion = 10.0.40219.1
Project("{FAE04EC0-301F-11D3-BF4B-00C04F79EFBC}") = "NetworkPragramming", "NetworkPragramming.csproj", "{4844AC72-30FB-4506-B78E-B34046EFD7D1}"
EndProject
Global
	GlobalSection(SolutionConfigurationPlatforms) = preSolution
		Debug|Any CPU = Debug|Any CPU
		Release|Any CPU = Release|Any CPU
	EndGlobalSection
	GlobalSection(ProjectConfigurationPlatforms) = postSolution
		{4844AC72-30FB-4506-B78E-B34046EFD7D1}.Debug|Any CPU.ActiveCfg = Debug|Any CPU
		{4844AC72-30FB-4506-B78E-B34046EFD7D1}.Debug|Any CPU.Build.0 = Debug|Any CPU
		{4844AC72-30FB-4506-B78E-B34046EFD7D1}.Release|Any CPU.ActiveCfg = Release|Any CPU
		{4844AC72-30FB-4506-B78E-B34046EFD7D1}.Release|Any CPU.Build.0 = Release|Any CPU
	EndGlobalSection
	GlobalSection(SolutionProperties) = preSolution
		HideSolutionNode = FALSE
	EndGlobalSection
	GlobalSection(ExtensibilityGlobals) = postSolution
		SolutionGuid = {0FFDF464-3518-4E72-B08F-511F10DC799E}
	EndGlobalSection
EndGlobal
